// !$*UTF8*$!
{
	archiveVersion = 1;
	classes = {
	};
	objectVersion = 51;
	objects = {

/* Begin PBXBuildFile section */
		B9939674384FFAC4A9435C22 /* Pods_EventsAppIOS.framework in Frameworks */ = {isa = PBXBuildFile; fileRef = C9DF5984220837BF3584C5E5 /* Pods_EventsAppIOS.framework */; };
		BC2630DC26DDAE0900077EBD /* Participant.swift in Sources */ = {isa = PBXBuildFile; fileRef = BC2630DB26DDAE0900077EBD /* Participant.swift */; };
		BC2630E026DDAE4F00077EBD /* Ticket.swift in Sources */ = {isa = PBXBuildFile; fileRef = BC2630DF26DDAE4F00077EBD /* Ticket.swift */; };
		BC2630E326DDAE9000077EBD /* Event.swift in Sources */ = {isa = PBXBuildFile; fileRef = BC2630E226DDAE9000077EBD /* Event.swift */; };
		BC2630E726DDB2EC00077EBD /* UISearchController+Extensions.swift in Sources */ = {isa = PBXBuildFile; fileRef = BC2630E626DDB2EC00077EBD /* UISearchController+Extensions.swift */; };
		BC2630EB26DDB30000077EBD /* String+Extensions.swift in Sources */ = {isa = PBXBuildFile; fileRef = BC2630EA26DDB30000077EBD /* String+Extensions.swift */; };
		BC2630EF26DDB31B00077EBD /* UIView+Extensions.swift in Sources */ = {isa = PBXBuildFile; fileRef = BC2630EE26DDB31B00077EBD /* UIView+Extensions.swift */; };
		BC2630F226DDB33700077EBD /* Double+Extensions.swift in Sources */ = {isa = PBXBuildFile; fileRef = BC2630F126DDB33700077EBD /* Double+Extensions.swift */; };
		BC2630F526DDB34700077EBD /* UIImage+Extensions.swift in Sources */ = {isa = PBXBuildFile; fileRef = BC2630F426DDB34700077EBD /* UIImage+Extensions.swift */; };
		BC2630F826DDB36000077EBD /* UIImageView+Extensions.swift in Sources */ = {isa = PBXBuildFile; fileRef = BC2630F726DDB36000077EBD /* UIImageView+Extensions.swift */; };
		BC2630FB26DDB37200077EBD /* Date+Extensions.swift in Sources */ = {isa = PBXBuildFile; fileRef = BC2630FA26DDB37200077EBD /* Date+Extensions.swift */; };
		BC5155F226E256A000F4E39B /* Geocoding.swift in Sources */ = {isa = PBXBuildFile; fileRef = BC5155F126E256A000F4E39B /* Geocoding.swift */; };
		BC5155F526E256C600F4E39B /* Validator.swift in Sources */ = {isa = PBXBuildFile; fileRef = BC5155F426E256C600F4E39B /* Validator.swift */; };
		BC5155F826E256D700F4E39B /* PriceFormatter.swift in Sources */ = {isa = PBXBuildFile; fileRef = BC5155F726E256D700F4E39B /* PriceFormatter.swift */; };
		BC5155FB26E2573300F4E39B /* API.swift in Sources */ = {isa = PBXBuildFile; fileRef = BC5155FA26E2573300F4E39B /* API.swift */; };
		BC5155FE26E2CA7D00F4E39B /* EventEndpoints.swift in Sources */ = {isa = PBXBuildFile; fileRef = BC5155FD26E2CA7D00F4E39B /* EventEndpoints.swift */; };
		BC51560126E2CA9300F4E39B /* CheckinEndpoints.swift in Sources */ = {isa = PBXBuildFile; fileRef = BC51560026E2CA9300F4E39B /* CheckinEndpoints.swift */; };
		BC51560426E2CAD700F4E39B /* CheckinModels.swift in Sources */ = {isa = PBXBuildFile; fileRef = BC51560326E2CAD700F4E39B /* CheckinModels.swift */; };
		BC51560726E2CB1100F4E39B /* ApiError.swift in Sources */ = {isa = PBXBuildFile; fileRef = BC51560626E2CB1100F4E39B /* ApiError.swift */; };
		BC51560A26E2CB3700F4E39B /* Service.swift in Sources */ = {isa = PBXBuildFile; fileRef = BC51560926E2CB3700F4E39B /* Service.swift */; };
		BC51560D26E2CB6E00F4E39B /* TargeType+default.swift in Sources */ = {isa = PBXBuildFile; fileRef = BC51560C26E2CB6E00F4E39B /* TargeType+default.swift */; };
		BC51561026E2CB8E00F4E39B /* Result+decoded.swift in Sources */ = {isa = PBXBuildFile; fileRef = BC51560F26E2CB8E00F4E39B /* Result+decoded.swift */; };
		BC51561326E2CBC400F4E39B /* JSONEncoder+Extensions.swift in Sources */ = {isa = PBXBuildFile; fileRef = BC51561226E2CBC400F4E39B /* JSONEncoder+Extensions.swift */; };
		BC51561626E2CBD400F4E39B /* JSONDecoder+Extensionas.swift in Sources */ = {isa = PBXBuildFile; fileRef = BC51561526E2CBD400F4E39B /* JSONDecoder+Extensionas.swift */; };
		BCB9392A26DC3FC900FC5D72 /* AppDelegate.swift in Sources */ = {isa = PBXBuildFile; fileRef = BCB9392926DC3FC900FC5D72 /* AppDelegate.swift */; };
		BCB9392C26DC3FC900FC5D72 /* SceneDelegate.swift in Sources */ = {isa = PBXBuildFile; fileRef = BCB9392B26DC3FC900FC5D72 /* SceneDelegate.swift */; };
		BCB9392E26DC3FC900FC5D72 /* ViewController.swift in Sources */ = {isa = PBXBuildFile; fileRef = BCB9392D26DC3FC900FC5D72 /* ViewController.swift */; };
		BCB9393126DC3FC900FC5D72 /* Main.storyboard in Resources */ = {isa = PBXBuildFile; fileRef = BCB9392F26DC3FC900FC5D72 /* Main.storyboard */; };
		BCB9393326DC3FCB00FC5D72 /* Assets.xcassets in Resources */ = {isa = PBXBuildFile; fileRef = BCB9393226DC3FCB00FC5D72 /* Assets.xcassets */; };
		BCB9393626DC3FCB00FC5D72 /* LaunchScreen.storyboard in Resources */ = {isa = PBXBuildFile; fileRef = BCB9393426DC3FCB00FC5D72 /* LaunchScreen.storyboard */; };
/* End PBXBuildFile section */

/* Begin PBXFileReference section */
		6824A0842006CFF9E9F80D1D /* Pods-EventsAppIOS.release.xcconfig */ = {isa = PBXFileReference; includeInIndex = 1; lastKnownFileType = text.xcconfig; name = "Pods-EventsAppIOS.release.xcconfig"; path = "Target Support Files/Pods-EventsAppIOS/Pods-EventsAppIOS.release.xcconfig"; sourceTree = "<group>"; };
		6AF7CD31FAADD6B4CC99CD25 /* Pods-EventsAppIOS.debug.xcconfig */ = {isa = PBXFileReference; includeInIndex = 1; lastKnownFileType = text.xcconfig; name = "Pods-EventsAppIOS.debug.xcconfig"; path = "Target Support Files/Pods-EventsAppIOS/Pods-EventsAppIOS.debug.xcconfig"; sourceTree = "<group>"; };
		BC2630DB26DDAE0900077EBD /* Participant.swift */ = {isa = PBXFileReference; lastKnownFileType = sourcecode.swift; path = Participant.swift; sourceTree = "<group>"; };
		BC2630DF26DDAE4F00077EBD /* Ticket.swift */ = {isa = PBXFileReference; lastKnownFileType = sourcecode.swift; path = Ticket.swift; sourceTree = "<group>"; };
		BC2630E226DDAE9000077EBD /* Event.swift */ = {isa = PBXFileReference; lastKnownFileType = sourcecode.swift; path = Event.swift; sourceTree = "<group>"; };
		BC2630E626DDB2EC00077EBD /* UISearchController+Extensions.swift */ = {isa = PBXFileReference; lastKnownFileType = sourcecode.swift; path = "UISearchController+Extensions.swift"; sourceTree = "<group>"; };
		BC2630EA26DDB30000077EBD /* String+Extensions.swift */ = {isa = PBXFileReference; lastKnownFileType = sourcecode.swift; path = "String+Extensions.swift"; sourceTree = "<group>"; };
		BC2630EE26DDB31B00077EBD /* UIView+Extensions.swift */ = {isa = PBXFileReference; lastKnownFileType = sourcecode.swift; path = "UIView+Extensions.swift"; sourceTree = "<group>"; };
		BC2630F126DDB33700077EBD /* Double+Extensions.swift */ = {isa = PBXFileReference; lastKnownFileType = sourcecode.swift; path = "Double+Extensions.swift"; sourceTree = "<group>"; };
		BC2630F426DDB34700077EBD /* UIImage+Extensions.swift */ = {isa = PBXFileReference; lastKnownFileType = sourcecode.swift; path = "UIImage+Extensions.swift"; sourceTree = "<group>"; };
		BC2630F726DDB36000077EBD /* UIImageView+Extensions.swift */ = {isa = PBXFileReference; lastKnownFileType = sourcecode.swift; path = "UIImageView+Extensions.swift"; sourceTree = "<group>"; };
		BC2630FA26DDB37200077EBD /* Date+Extensions.swift */ = {isa = PBXFileReference; lastKnownFileType = sourcecode.swift; path = "Date+Extensions.swift"; sourceTree = "<group>"; };
		BC5155F126E256A000F4E39B /* Geocoding.swift */ = {isa = PBXFileReference; lastKnownFileType = sourcecode.swift; path = Geocoding.swift; sourceTree = "<group>"; };
		BC5155F426E256C600F4E39B /* Validator.swift */ = {isa = PBXFileReference; lastKnownFileType = sourcecode.swift; path = Validator.swift; sourceTree = "<group>"; };
		BC5155F726E256D700F4E39B /* PriceFormatter.swift */ = {isa = PBXFileReference; lastKnownFileType = sourcecode.swift; path = PriceFormatter.swift; sourceTree = "<group>"; };
		BC5155FA26E2573300F4E39B /* API.swift */ = {isa = PBXFileReference; lastKnownFileType = sourcecode.swift; path = API.swift; sourceTree = "<group>"; };
		BC5155FD26E2CA7D00F4E39B /* EventEndpoints.swift */ = {isa = PBXFileReference; lastKnownFileType = sourcecode.swift; path = EventEndpoints.swift; sourceTree = "<group>"; };
		BC51560026E2CA9300F4E39B /* CheckinEndpoints.swift */ = {isa = PBXFileReference; lastKnownFileType = sourcecode.swift; path = CheckinEndpoints.swift; sourceTree = "<group>"; };
		BC51560326E2CAD700F4E39B /* CheckinModels.swift */ = {isa = PBXFileReference; lastKnownFileType = sourcecode.swift; path = CheckinModels.swift; sourceTree = "<group>"; };
		BC51560626E2CB1100F4E39B /* ApiError.swift */ = {isa = PBXFileReference; lastKnownFileType = sourcecode.swift; path = ApiError.swift; sourceTree = "<group>"; };
		BC51560926E2CB3700F4E39B /* Service.swift */ = {isa = PBXFileReference; lastKnownFileType = sourcecode.swift; path = Service.swift; sourceTree = "<group>"; };
		BC51560C26E2CB6E00F4E39B /* TargeType+default.swift */ = {isa = PBXFileReference; lastKnownFileType = sourcecode.swift; path = "TargeType+default.swift"; sourceTree = "<group>"; };
		BC51560F26E2CB8E00F4E39B /* Result+decoded.swift */ = {isa = PBXFileReference; lastKnownFileType = sourcecode.swift; path = "Result+decoded.swift"; sourceTree = "<group>"; };
		BC51561226E2CBC400F4E39B /* JSONEncoder+Extensions.swift */ = {isa = PBXFileReference; lastKnownFileType = sourcecode.swift; path = "JSONEncoder+Extensions.swift"; sourceTree = "<group>"; };
		BC51561526E2CBD400F4E39B /* JSONDecoder+Extensionas.swift */ = {isa = PBXFileReference; lastKnownFileType = sourcecode.swift; path = "JSONDecoder+Extensionas.swift"; sourceTree = "<group>"; };
		BCB9392626DC3FC900FC5D72 /* EventsAppIOS.app */ = {isa = PBXFileReference; explicitFileType = wrapper.application; includeInIndex = 0; path = EventsAppIOS.app; sourceTree = BUILT_PRODUCTS_DIR; };
		BCB9392926DC3FC900FC5D72 /* AppDelegate.swift */ = {isa = PBXFileReference; lastKnownFileType = sourcecode.swift; path = AppDelegate.swift; sourceTree = "<group>"; };
		BCB9392B26DC3FC900FC5D72 /* SceneDelegate.swift */ = {isa = PBXFileReference; lastKnownFileType = sourcecode.swift; path = SceneDelegate.swift; sourceTree = "<group>"; };
		BCB9392D26DC3FC900FC5D72 /* ViewController.swift */ = {isa = PBXFileReference; lastKnownFileType = sourcecode.swift; path = ViewController.swift; sourceTree = "<group>"; };
		BCB9393026DC3FC900FC5D72 /* Base */ = {isa = PBXFileReference; lastKnownFileType = file.storyboard; name = Base; path = Base.lproj/Main.storyboard; sourceTree = "<group>"; };
		BCB9393226DC3FCB00FC5D72 /* Assets.xcassets */ = {isa = PBXFileReference; lastKnownFileType = folder.assetcatalog; path = Assets.xcassets; sourceTree = "<group>"; };
		BCB9393526DC3FCB00FC5D72 /* Base */ = {isa = PBXFileReference; lastKnownFileType = file.storyboard; name = Base; path = Base.lproj/LaunchScreen.storyboard; sourceTree = "<group>"; };
		BCB9393726DC3FCB00FC5D72 /* Info.plist */ = {isa = PBXFileReference; lastKnownFileType = text.plist.xml; path = Info.plist; sourceTree = "<group>"; };
		C9DF5984220837BF3584C5E5 /* Pods_EventsAppIOS.framework */ = {isa = PBXFileReference; explicitFileType = wrapper.framework; includeInIndex = 0; path = Pods_EventsAppIOS.framework; sourceTree = BUILT_PRODUCTS_DIR; };
/* End PBXFileReference section */

/* Begin PBXFrameworksBuildPhase section */
		BCB9392326DC3FC900FC5D72 /* Frameworks */ = {
			isa = PBXFrameworksBuildPhase;
			buildActionMask = 2147483647;
			files = (
				B9939674384FFAC4A9435C22 /* Pods_EventsAppIOS.framework in Frameworks */,
			);
			runOnlyForDeploymentPostprocessing = 0;
		};
/* End PBXFrameworksBuildPhase section */

/* Begin PBXGroup section */
		8E014222D1521A026B6CBE81 /* Pods */ = {
			isa = PBXGroup;
			children = (
				6AF7CD31FAADD6B4CC99CD25 /* Pods-EventsAppIOS.debug.xcconfig */,
				6824A0842006CFF9E9F80D1D /* Pods-EventsAppIOS.release.xcconfig */,
			);
			path = Pods;
			sourceTree = "<group>";
		};
		9D6D903F7144CD54A6D64A0D /* Frameworks */ = {
			isa = PBXGroup;
			children = (
				C9DF5984220837BF3584C5E5 /* Pods_EventsAppIOS.framework */,
			);
			name = Frameworks;
			sourceTree = "<group>";
		};
		BC2630D926DDAD7E00077EBD /* Models */ = {
			isa = PBXGroup;
			children = (
				BC2630DB26DDAE0900077EBD /* Participant.swift */,
				BC2630DF26DDAE4F00077EBD /* Ticket.swift */,
				BC2630E226DDAE9000077EBD /* Event.swift */,
			);
			path = Models;
			sourceTree = "<group>";
		};
		BC2630DA26DDAD8D00077EBD /* Networking */ = {
			isa = PBXGroup;
			children = (
				BC2630FF26DDB59500077EBD /* Endpoint */,
				BC2630FE26DDB57B00077EBD /* Moya */,
				BC2630FD26DDB55300077EBD /* Coders */,
				BC5155FA26E2573300F4E39B /* API.swift */,
				BC51560326E2CAD700F4E39B /* CheckinModels.swift */,
			);
			path = Networking;
			sourceTree = "<group>";
		};
		BC2630E526DDB26600077EBD /* Extensions */ = {
			isa = PBXGroup;
			children = (
				BC2630FA26DDB37200077EBD /* Date+Extensions.swift */,
				BC2630EA26DDB30000077EBD /* String+Extensions.swift */,
				BC2630E626DDB2EC00077EBD /* UISearchController+Extensions.swift */,
				BC2630EE26DDB31B00077EBD /* UIView+Extensions.swift */,
				BC2630F126DDB33700077EBD /* Double+Extensions.swift */,
				BC2630F426DDB34700077EBD /* UIImage+Extensions.swift */,
				BC2630F726DDB36000077EBD /* UIImageView+Extensions.swift */,
			);
			path = Extensions;
			sourceTree = "<group>";
		};
		BC2630FD26DDB55300077EBD /* Coders */ = {
			isa = PBXGroup;
			children = (
				BC51561226E2CBC400F4E39B /* JSONEncoder+Extensions.swift */,
				BC51561526E2CBD400F4E39B /* JSONDecoder+Extensionas.swift */,
			);
			path = Coders;
			sourceTree = "<group>";
		};
		BC2630FE26DDB57B00077EBD /* Moya */ = {
			isa = PBXGroup;
			children = (
				BC51560626E2CB1100F4E39B /* ApiError.swift */,
				BC51560926E2CB3700F4E39B /* Service.swift */,
				BC51560C26E2CB6E00F4E39B /* TargeType+default.swift */,
				BC51560F26E2CB8E00F4E39B /* Result+decoded.swift */,
			);
			path = Moya;
			sourceTree = "<group>";
		};
		BC2630FF26DDB59500077EBD /* Endpoint */ = {
			isa = PBXGroup;
			children = (
				BC5155FD26E2CA7D00F4E39B /* EventEndpoints.swift */,
				BC51560026E2CA9300F4E39B /* CheckinEndpoints.swift */,
			);
			path = Endpoint;
			sourceTree = "<group>";
		};
		BC51561826E2CD9E00F4E39B /* Screens */ = {
			isa = PBXGroup;
			children = (
				BC51561926E2CDBB00F4E39B /* CheckIn */,
			);
			path = Screens;
			sourceTree = "<group>";
		};
		BC51561926E2CDBB00F4E39B /* CheckIn */ = {
			isa = PBXGroup;
			children = (
			);
			path = CheckIn;
			sourceTree = "<group>";
		};
		BC5B18C226DC4EE2001696DE /* Utils */ = {
			isa = PBXGroup;
			children = (
				BC5155F126E256A000F4E39B /* Geocoding.swift */,
				BC5155F426E256C600F4E39B /* Validator.swift */,
				BC5155F726E256D700F4E39B /* PriceFormatter.swift */,
			);
			path = Utils;
			sourceTree = "<group>";
		};
		BCB9391D26DC3FC900FC5D72 = {
			isa = PBXGroup;
			children = (
				BCB9392826DC3FC900FC5D72 /* EventsAppIOS */,
				BCB9392726DC3FC900FC5D72 /* Products */,
				BC5B18C226DC4EE2001696DE /* Utils */,
				8E014222D1521A026B6CBE81 /* Pods */,
				9D6D903F7144CD54A6D64A0D /* Frameworks */,
			);
			sourceTree = "<group>";
		};
		BCB9392726DC3FC900FC5D72 /* Products */ = {
			isa = PBXGroup;
			children = (
				BCB9392626DC3FC900FC5D72 /* EventsAppIOS.app */,
			);
			name = Products;
			sourceTree = "<group>";
		};
		BCB9392826DC3FC900FC5D72 /* EventsAppIOS */ = {
			isa = PBXGroup;
			children = (
				BC51561826E2CD9E00F4E39B /* Screens */,
				BC2630E526DDB26600077EBD /* Extensions */,
				BC2630DA26DDAD8D00077EBD /* Networking */,
				BC2630D926DDAD7E00077EBD /* Models */,
				BCB9392926DC3FC900FC5D72 /* AppDelegate.swift */,
				BCB9392B26DC3FC900FC5D72 /* SceneDelegate.swift */,
				BCB9392D26DC3FC900FC5D72 /* ViewController.swift */,
				BCB9392F26DC3FC900FC5D72 /* Main.storyboard */,
				BCB9393226DC3FCB00FC5D72 /* Assets.xcassets */,
				BCB9393426DC3FCB00FC5D72 /* LaunchScreen.storyboard */,
				BCB9393726DC3FCB00FC5D72 /* Info.plist */,
			);
			path = EventsAppIOS;
			sourceTree = "<group>";
		};
/* End PBXGroup section */

/* Begin PBXNativeTarget section */
		BCB9392526DC3FC900FC5D72 /* EventsAppIOS */ = {
			isa = PBXNativeTarget;
			buildConfigurationList = BCB9393A26DC3FCB00FC5D72 /* Build configuration list for PBXNativeTarget "EventsAppIOS" */;
			buildPhases = (
				FEBE889C9A62006A47224C5A /* [CP] Check Pods Manifest.lock */,
				BCB9392226DC3FC900FC5D72 /* Sources */,
				BCB9392326DC3FC900FC5D72 /* Frameworks */,
				BCB9392426DC3FC900FC5D72 /* Resources */,
				93416913B69CAB26952A51D6 /* [CP] Embed Pods Frameworks */,
			);
			buildRules = (
			);
			dependencies = (
			);
			name = EventsAppIOS;
			productName = EventsAppIOS;
			productReference = BCB9392626DC3FC900FC5D72 /* EventsAppIOS.app */;
			productType = "com.apple.product-type.application";
		};
/* End PBXNativeTarget section */

/* Begin PBXProject section */
		BCB9391E26DC3FC900FC5D72 /* Project object */ = {
			isa = PBXProject;
			attributes = {
				LastSwiftUpdateCheck = 1240;
				LastUpgradeCheck = 1240;
				TargetAttributes = {
					BCB9392526DC3FC900FC5D72 = {
						CreatedOnToolsVersion = 12.4;
					};
				};
			};
			buildConfigurationList = BCB9392126DC3FC900FC5D72 /* Build configuration list for PBXProject "EventsAppIOS" */;
			compatibilityVersion = "Xcode 9.3";
			developmentRegion = en;
			hasScannedForEncodings = 0;
			knownRegions = (
				en,
				Base,
			);
			mainGroup = BCB9391D26DC3FC900FC5D72;
			productRefGroup = BCB9392726DC3FC900FC5D72 /* Products */;
			projectDirPath = "";
			projectRoot = "";
			targets = (
				BCB9392526DC3FC900FC5D72 /* EventsAppIOS */,
			);
		};
/* End PBXProject section */

/* Begin PBXResourcesBuildPhase section */
		BCB9392426DC3FC900FC5D72 /* Resources */ = {
			isa = PBXResourcesBuildPhase;
			buildActionMask = 2147483647;
			files = (
				BCB9393626DC3FCB00FC5D72 /* LaunchScreen.storyboard in Resources */,
				BCB9393326DC3FCB00FC5D72 /* Assets.xcassets in Resources */,
				BCB9393126DC3FC900FC5D72 /* Main.storyboard in Resources */,
			);
			runOnlyForDeploymentPostprocessing = 0;
		};
/* End PBXResourcesBuildPhase section */

/* Begin PBXShellScriptBuildPhase section */
		93416913B69CAB26952A51D6 /* [CP] Embed Pods Frameworks */ = {
			isa = PBXShellScriptBuildPhase;
			buildActionMask = 2147483647;
			files = (
			);
			inputFileListPaths = (
				"${PODS_ROOT}/Target Support Files/Pods-EventsAppIOS/Pods-EventsAppIOS-frameworks-${CONFIGURATION}-input-files.xcfilelist",
			);
			name = "[CP] Embed Pods Frameworks";
			outputFileListPaths = (
				"${PODS_ROOT}/Target Support Files/Pods-EventsAppIOS/Pods-EventsAppIOS-frameworks-${CONFIGURATION}-output-files.xcfilelist",
			);
			runOnlyForDeploymentPostprocessing = 0;
			shellPath = /bin/sh;
			shellScript = "\"${PODS_ROOT}/Target Support Files/Pods-EventsAppIOS/Pods-EventsAppIOS-frameworks.sh\"\n";
			showEnvVarsInLog = 0;
		};
		FEBE889C9A62006A47224C5A /* [CP] Check Pods Manifest.lock */ = {
			isa = PBXShellScriptBuildPhase;
			buildActionMask = 2147483647;
			files = (
			);
			inputFileListPaths = (
			);
			inputPaths = (
				"${PODS_PODFILE_DIR_PATH}/Podfile.lock",
				"${PODS_ROOT}/Manifest.lock",
			);
			name = "[CP] Check Pods Manifest.lock";
			outputFileListPaths = (
			);
			outputPaths = (
				"$(DERIVED_FILE_DIR)/Pods-EventsAppIOS-checkManifestLockResult.txt",
			);
			runOnlyForDeploymentPostprocessing = 0;
			shellPath = /bin/sh;
			shellScript = "diff \"${PODS_PODFILE_DIR_PATH}/Podfile.lock\" \"${PODS_ROOT}/Manifest.lock\" > /dev/null\nif [ $? != 0 ] ; then\n    # print error to STDERR\n    echo \"error: The sandbox is not in sync with the Podfile.lock. Run 'pod install' or update your CocoaPods installation.\" >&2\n    exit 1\nfi\n# This output is used by Xcode 'outputs' to avoid re-running this script phase.\necho \"SUCCESS\" > \"${SCRIPT_OUTPUT_FILE_0}\"\n";
			showEnvVarsInLog = 0;
		};
/* End PBXShellScriptBuildPhase section */

/* Begin PBXSourcesBuildPhase section */
		BCB9392226DC3FC900FC5D72 /* Sources */ = {
			isa = PBXSourcesBuildPhase;
			buildActionMask = 2147483647;
			files = (
				BC2630E726DDB2EC00077EBD /* UISearchController+Extensions.swift in Sources */,
				BCB9392E26DC3FC900FC5D72 /* ViewController.swift in Sources */,
				BCB9392A26DC3FC900FC5D72 /* AppDelegate.swift in Sources */,
				BC2630FB26DDB37200077EBD /* Date+Extensions.swift in Sources */,
				BC2630EF26DDB31B00077EBD /* UIView+Extensions.swift in Sources */,
				BC5155F226E256A000F4E39B /* Geocoding.swift in Sources */,
				BC5155F826E256D700F4E39B /* PriceFormatter.swift in Sources */,
				BC5155FE26E2CA7D00F4E39B /* EventEndpoints.swift in Sources */,
				BC2630F526DDB34700077EBD /* UIImage+Extensions.swift in Sources */,
				BC51561026E2CB8E00F4E39B /* Result+decoded.swift in Sources */,
				BC51561626E2CBD400F4E39B /* JSONDecoder+Extensionas.swift in Sources */,
				BC5155F526E256C600F4E39B /* Validator.swift in Sources */,
				BC2630F226DDB33700077EBD /* Double+Extensions.swift in Sources */,
				BC2630F826DDB36000077EBD /* UIImageView+Extensions.swift in Sources */,
				BC2630E026DDAE4F00077EBD /* Ticket.swift in Sources */,
				BC51561326E2CBC400F4E39B /* JSONEncoder+Extensions.swift in Sources */,
				BC2630EB26DDB30000077EBD /* String+Extensions.swift in Sources */,
				BC51560726E2CB1100F4E39B /* ApiError.swift in Sources */,
				BCB9392C26DC3FC900FC5D72 /* SceneDelegate.swift in Sources */,
				BC51560426E2CAD700F4E39B /* CheckinModels.swift in Sources */,
				BC2630E326DDAE9000077EBD /* Event.swift in Sources */,
				BC5155FB26E2573300F4E39B /* API.swift in Sources */,
				BC51560A26E2CB3700F4E39B /* Service.swift in Sources */,
				BC2630DC26DDAE0900077EBD /* Participant.swift in Sources */,
				BC51560126E2CA9300F4E39B /* CheckinEndpoints.swift in Sources */,
				BC51560D26E2CB6E00F4E39B /* TargeType+default.swift in Sources */,
			);
			runOnlyForDeploymentPostprocessing = 0;
		};
/* End PBXSourcesBuildPhase section */

/* Begin PBXVariantGroup section */
		BCB9392F26DC3FC900FC5D72 /* Main.storyboard */ = {
			isa = PBXVariantGroup;
			children = (
				BCB9393026DC3FC900FC5D72 /* Base */,
			);
			name = Main.storyboard;
			sourceTree = "<group>";
		};
		BCB9393426DC3FCB00FC5D72 /* LaunchScreen.storyboard */ = {
			isa = PBXVariantGroup;
			children = (
				BCB9393526DC3FCB00FC5D72 /* Base */,
			);
			name = LaunchScreen.storyboard;
			sourceTree = "<group>";
		};
/* End PBXVariantGroup section */

/* Begin XCBuildConfiguration section */
		BCB9393826DC3FCB00FC5D72 /* Debug */ = {
			isa = XCBuildConfiguration;
			buildSettings = {
				ALWAYS_SEARCH_USER_PATHS = NO;
				CLANG_ANALYZER_NONNULL = YES;
				CLANG_ANALYZER_NUMBER_OBJECT_CONVERSION = YES_AGGRESSIVE;
				CLANG_CXX_LANGUAGE_STANDARD = "gnu++14";
				CLANG_CXX_LIBRARY = "libc++";
				CLANG_ENABLE_MODULES = YES;
				CLANG_ENABLE_OBJC_ARC = YES;
				CLANG_ENABLE_OBJC_WEAK = YES;
				CLANG_WARN_BLOCK_CAPTURE_AUTORELEASING = YES;
				CLANG_WARN_BOOL_CONVERSION = YES;
				CLANG_WARN_COMMA = YES;
				CLANG_WARN_CONSTANT_CONVERSION = YES;
				CLANG_WARN_DEPRECATED_OBJC_IMPLEMENTATIONS = YES;
				CLANG_WARN_DIRECT_OBJC_ISA_USAGE = YES_ERROR;
				CLANG_WARN_DOCUMENTATION_COMMENTS = YES;
				CLANG_WARN_EMPTY_BODY = YES;
				CLANG_WARN_ENUM_CONVERSION = YES;
				CLANG_WARN_INFINITE_RECURSION = YES;
				CLANG_WARN_INT_CONVERSION = YES;
				CLANG_WARN_NON_LITERAL_NULL_CONVERSION = YES;
				CLANG_WARN_OBJC_IMPLICIT_RETAIN_SELF = YES;
				CLANG_WARN_OBJC_LITERAL_CONVERSION = YES;
				CLANG_WARN_OBJC_ROOT_CLASS = YES_ERROR;
				CLANG_WARN_QUOTED_INCLUDE_IN_FRAMEWORK_HEADER = YES;
				CLANG_WARN_RANGE_LOOP_ANALYSIS = YES;
				CLANG_WARN_STRICT_PROTOTYPES = YES;
				CLANG_WARN_SUSPICIOUS_MOVE = YES;
				CLANG_WARN_UNGUARDED_AVAILABILITY = YES_AGGRESSIVE;
				CLANG_WARN_UNREACHABLE_CODE = YES;
				CLANG_WARN__DUPLICATE_METHOD_MATCH = YES;
				COPY_PHASE_STRIP = NO;
				DEBUG_INFORMATION_FORMAT = dwarf;
				ENABLE_STRICT_OBJC_MSGSEND = YES;
				ENABLE_TESTABILITY = YES;
				GCC_C_LANGUAGE_STANDARD = gnu11;
				GCC_DYNAMIC_NO_PIC = NO;
				GCC_NO_COMMON_BLOCKS = YES;
				GCC_OPTIMIZATION_LEVEL = 0;
				GCC_PREPROCESSOR_DEFINITIONS = (
					"DEBUG=1",
					"$(inherited)",
				);
				GCC_WARN_64_TO_32_BIT_CONVERSION = YES;
				GCC_WARN_ABOUT_RETURN_TYPE = YES_ERROR;
				GCC_WARN_UNDECLARED_SELECTOR = YES;
				GCC_WARN_UNINITIALIZED_AUTOS = YES_AGGRESSIVE;
				GCC_WARN_UNUSED_FUNCTION = YES;
				GCC_WARN_UNUSED_VARIABLE = YES;
				IPHONEOS_DEPLOYMENT_TARGET = 14.4;
				MTL_ENABLE_DEBUG_INFO = INCLUDE_SOURCE;
				MTL_FAST_MATH = YES;
				ONLY_ACTIVE_ARCH = YES;
				SDKROOT = iphoneos;
				SWIFT_ACTIVE_COMPILATION_CONDITIONS = DEBUG;
				SWIFT_OPTIMIZATION_LEVEL = "-Onone";
			};
			name = Debug;
		};
		BCB9393926DC3FCB00FC5D72 /* Release */ = {
			isa = XCBuildConfiguration;
			buildSettings = {
				ALWAYS_SEARCH_USER_PATHS = NO;
				CLANG_ANALYZER_NONNULL = YES;
				CLANG_ANALYZER_NUMBER_OBJECT_CONVERSION = YES_AGGRESSIVE;
				CLANG_CXX_LANGUAGE_STANDARD = "gnu++14";
				CLANG_CXX_LIBRARY = "libc++";
				CLANG_ENABLE_MODULES = YES;
				CLANG_ENABLE_OBJC_ARC = YES;
				CLANG_ENABLE_OBJC_WEAK = YES;
				CLANG_WARN_BLOCK_CAPTURE_AUTORELEASING = YES;
				CLANG_WARN_BOOL_CONVERSION = YES;
				CLANG_WARN_COMMA = YES;
				CLANG_WARN_CONSTANT_CONVERSION = YES;
				CLANG_WARN_DEPRECATED_OBJC_IMPLEMENTATIONS = YES;
				CLANG_WARN_DIRECT_OBJC_ISA_USAGE = YES_ERROR;
				CLANG_WARN_DOCUMENTATION_COMMENTS = YES;
				CLANG_WARN_EMPTY_BODY = YES;
				CLANG_WARN_ENUM_CONVERSION = YES;
				CLANG_WARN_INFINITE_RECURSION = YES;
				CLANG_WARN_INT_CONVERSION = YES;
				CLANG_WARN_NON_LITERAL_NULL_CONVERSION = YES;
				CLANG_WARN_OBJC_IMPLICIT_RETAIN_SELF = YES;
				CLANG_WARN_OBJC_LITERAL_CONVERSION = YES;
				CLANG_WARN_OBJC_ROOT_CLASS = YES_ERROR;
				CLANG_WARN_QUOTED_INCLUDE_IN_FRAMEWORK_HEADER = YES;
				CLANG_WARN_RANGE_LOOP_ANALYSIS = YES;
				CLANG_WARN_STRICT_PROTOTYPES = YES;
				CLANG_WARN_SUSPICIOUS_MOVE = YES;
				CLANG_WARN_UNGUARDED_AVAILABILITY = YES_AGGRESSIVE;
				CLANG_WARN_UNREACHABLE_CODE = YES;
				CLANG_WARN__DUPLICATE_METHOD_MATCH = YES;
				COPY_PHASE_STRIP = NO;
				DEBUG_INFORMATION_FORMAT = "dwarf-with-dsym";
				ENABLE_NS_ASSERTIONS = NO;
				ENABLE_STRICT_OBJC_MSGSEND = YES;
				GCC_C_LANGUAGE_STANDARD = gnu11;
				GCC_NO_COMMON_BLOCKS = YES;
				GCC_WARN_64_TO_32_BIT_CONVERSION = YES;
				GCC_WARN_ABOUT_RETURN_TYPE = YES_ERROR;
				GCC_WARN_UNDECLARED_SELECTOR = YES;
				GCC_WARN_UNINITIALIZED_AUTOS = YES_AGGRESSIVE;
				GCC_WARN_UNUSED_FUNCTION = YES;
				GCC_WARN_UNUSED_VARIABLE = YES;
				IPHONEOS_DEPLOYMENT_TARGET = 14.4;
				MTL_ENABLE_DEBUG_INFO = NO;
				MTL_FAST_MATH = YES;
				SDKROOT = iphoneos;
				SWIFT_COMPILATION_MODE = wholemodule;
				SWIFT_OPTIMIZATION_LEVEL = "-O";
				VALIDATE_PRODUCT = YES;
			};
			name = Release;
		};
		BCB9393B26DC3FCB00FC5D72 /* Debug */ = {
			isa = XCBuildConfiguration;
			baseConfigurationReference = 6AF7CD31FAADD6B4CC99CD25 /* Pods-EventsAppIOS.debug.xcconfig */;
			buildSettings = {
				ASSETCATALOG_COMPILER_APPICON_NAME = AppIcon;
				ASSETCATALOG_COMPILER_GLOBAL_ACCENT_COLOR_NAME = AccentColor;
				CODE_SIGN_STYLE = Automatic;
				INFOPLIST_FILE = EventsAppIOS/Info.plist;
				LD_RUNPATH_SEARCH_PATHS = (
					"$(inherited)",
					"@executable_path/Frameworks",
				);
				PRODUCT_BUNDLE_IDENTIFIER = com.leandro.EventsAppIOS;
				PRODUCT_NAME = "$(TARGET_NAME)";
				SWIFT_VERSION = 5.0;
				TARGETED_DEVICE_FAMILY = "1,2";
			};
			name = Debug;
		};
		BCB9393C26DC3FCB00FC5D72 /* Release */ = {
			isa = XCBuildConfiguration;
			baseConfigurationReference = 6824A0842006CFF9E9F80D1D /* Pods-EventsAppIOS.release.xcconfig */;
			buildSettings = {
				ASSETCATALOG_COMPILER_APPICON_NAME = AppIcon;
				ASSETCATALOG_COMPILER_GLOBAL_ACCENT_COLOR_NAME = AccentColor;
				CODE_SIGN_STYLE = Automatic;
				INFOPLIST_FILE = EventsAppIOS/Info.plist;
				LD_RUNPATH_SEARCH_PATHS = (
					"$(inherited)",
					"@executable_path/Frameworks",
				);
				PRODUCT_BUNDLE_IDENTIFIER = com.leandro.EventsAppIOS;
				PRODUCT_NAME = "$(TARGET_NAME)";
				SWIFT_VERSION = 5.0;
				TARGETED_DEVICE_FAMILY = "1,2";
			};
			name = Release;
		};
/* End XCBuildConfiguration section */

/* Begin XCConfigurationList section */
		BCB9392126DC3FC900FC5D72 /* Build configuration list for PBXProject "EventsAppIOS" */ = {
			isa = XCConfigurationList;
			buildConfigurations = (
				BCB9393826DC3FCB00FC5D72 /* Debug */,
				BCB9393926DC3FCB00FC5D72 /* Release */,
			);
			defaultConfigurationIsVisible = 0;
			defaultConfigurationName = Release;
		};
		BCB9393A26DC3FCB00FC5D72 /* Build configuration list for PBXNativeTarget "EventsAppIOS" */ = {
			isa = XCConfigurationList;
			buildConfigurations = (
				BCB9393B26DC3FCB00FC5D72 /* Debug */,
				BCB9393C26DC3FCB00FC5D72 /* Release */,
			);
			defaultConfigurationIsVisible = 0;
			defaultConfigurationName = Release;
		};
/* End XCConfigurationList section */
	};
	rootObject = BCB9391E26DC3FC900FC5D72 /* Project object */;
}
