PODS:
  - Kingfisher (6.3.1)
  - lottie-ios (3.2.3)
  - RxSwift (5.1.3)

DEPENDENCIES:
  - Kingfisher
  - lottie-ios
  - RxSwift (~> 5)

SPEC REPOS:
  trunk:
    - Kingfisher
    - lottie-ios
    - RxSwift

SPEC CHECKSUMS:
  Kingfisher: 016c8b653a35add51dd34a3aba36b580041acc74
  lottie-ios: c058aeafa76daa4cf64d773554bccc8385d0150e
  RxSwift: 915abbdfb62214aa89ccd0b194d44fb478019b27

PODFILE CHECKSUM: f55cace5f1ef1ba8ed46fbc0a51e2912eaffa079

COCOAPODS: 1.10.2
